// !$*UTF8*$!
{
	archiveVersion = 1;
	classes = {
	};
	objectVersion = 52;
	objects = {

/* Begin PBXBuildFile section */
		3601C2E225F8B1940087916E /* SDSCGExtension in Frameworks */ = {isa = PBXBuildFile; productRef = 3601C2E125F8B1940087916E /* SDSCGExtension */; };
		3601C2E625F8B3AB0087916E /* SwiftUIDebugUtil in Frameworks */ = {isa = PBXBuildFile; productRef = 3601C2E525F8B3AB0087916E /* SwiftUIDebugUtil */; };
		3698E77224A8BE6D0083A0AF /* AppDelegate.swift in Sources */ = {isa = PBXBuildFile; fileRef = 3698E77124A8BE6D0083A0AF /* AppDelegate.swift */; };
		3698E77424A8BE6D0083A0AF /* ContentView.swift in Sources */ = {isa = PBXBuildFile; fileRef = 3698E77324A8BE6D0083A0AF /* ContentView.swift */; };
		3698E77624A8BE6E0083A0AF /* Assets.xcassets in Resources */ = {isa = PBXBuildFile; fileRef = 3698E77524A8BE6E0083A0AF /* Assets.xcassets */; };
		3698E77924A8BE6E0083A0AF /* Preview Assets.xcassets in Resources */ = {isa = PBXBuildFile; fileRef = 3698E77824A8BE6E0083A0AF /* Preview Assets.xcassets */; };
		3698E77C24A8BE6E0083A0AF /* Main.storyboard in Resources */ = {isa = PBXBuildFile; fileRef = 3698E77A24A8BE6E0083A0AF /* Main.storyboard */; };
		3698E78624A8BE8E0083A0AF /* MovableFrame in Frameworks */ = {isa = PBXBuildFile; productRef = 3698E78524A8BE8E0083A0AF /* MovableFrame */; };
		36D4D2DA25A5EFBE0009B03D /* FrameViewRectPreference.swift in Sources */ = {isa = PBXBuildFile; fileRef = 36D4D2D925A5EFBE0009B03D /* FrameViewRectPreference.swift */; };
/* End PBXBuildFile section */

/* Begin PBXFileReference section */
		3642ADE025F853DF0053CE83 /* MovableFrame */ = {isa = PBXFileReference; lastKnownFileType = folder; name = MovableFrame; path = ../MovableFrame; sourceTree = "<group>"; };
		3698E76E24A8BE6D0083A0AF /* MovableFrameExample.app */ = {isa = PBXFileReference; explicitFileType = wrapper.application; includeInIndex = 0; path = MovableFrameExample.app; sourceTree = BUILT_PRODUCTS_DIR; };
		3698E77124A8BE6D0083A0AF /* AppDelegate.swift */ = {isa = PBXFileReference; lastKnownFileType = sourcecode.swift; path = AppDelegate.swift; sourceTree = "<group>"; };
		3698E77324A8BE6D0083A0AF /* ContentView.swift */ = {isa = PBXFileReference; lastKnownFileType = sourcecode.swift; path = ContentView.swift; sourceTree = "<group>"; };
		3698E77524A8BE6E0083A0AF /* Assets.xcassets */ = {isa = PBXFileReference; lastKnownFileType = folder.assetcatalog; path = Assets.xcassets; sourceTree = "<group>"; };
		3698E77824A8BE6E0083A0AF /* Preview Assets.xcassets */ = {isa = PBXFileReference; lastKnownFileType = folder.assetcatalog; path = "Preview Assets.xcassets"; sourceTree = "<group>"; };
		3698E77B24A8BE6E0083A0AF /* Base */ = {isa = PBXFileReference; lastKnownFileType = file.storyboard; name = Base; path = Base.lproj/Main.storyboard; sourceTree = "<group>"; };
		3698E77D24A8BE6E0083A0AF /* Info.plist */ = {isa = PBXFileReference; lastKnownFileType = text.plist.xml; path = Info.plist; sourceTree = "<group>"; };
		3698E77E24A8BE6E0083A0AF /* MovableFrameExample.entitlements */ = {isa = PBXFileReference; lastKnownFileType = text.plist.entitlements; path = MovableFrameExample.entitlements; sourceTree = "<group>"; };
		36D4D2D925A5EFBE0009B03D /* FrameViewRectPreference.swift */ = {isa = PBXFileReference; fileEncoding = 4; lastKnownFileType = sourcecode.swift; path = FrameViewRectPreference.swift; sourceTree = "<group>"; };
/* End PBXFileReference section */

/* Begin PBXFrameworksBuildPhase section */
		3698E76B24A8BE6D0083A0AF /* Frameworks */ = {
			isa = PBXFrameworksBuildPhase;
			buildActionMask = 2147483647;
			files = (
				3698E78624A8BE8E0083A0AF /* MovableFrame in Frameworks */,
				3601C2E225F8B1940087916E /* SDSCGExtension in Frameworks */,
				3601C2E625F8B3AB0087916E /* SwiftUIDebugUtil in Frameworks */,
			);
			runOnlyForDeploymentPostprocessing = 0;
		};
/* End PBXFrameworksBuildPhase section */

/* Begin PBXGroup section */
		3698E76524A8BE6D0083A0AF = {
			isa = PBXGroup;
			children = (
				3698E77024A8BE6D0083A0AF /* MovableFrameExample */,
				3698E76F24A8BE6D0083A0AF /* Products */,
				3642ADE025F853DF0053CE83 /* MovableFrame */,
			);
			sourceTree = "<group>";
		};
		3698E76F24A8BE6D0083A0AF /* Products */ = {
			isa = PBXGroup;
			children = (
				3698E76E24A8BE6D0083A0AF /* MovableFrameExample.app */,
			);
			name = Products;
			sourceTree = "<group>";
		};
		3698E77024A8BE6D0083A0AF /* MovableFrameExample */ = {
			isa = PBXGroup;
			children = (
				36D4D2D925A5EFBE0009B03D /* FrameViewRectPreference.swift */,
				3698E77124A8BE6D0083A0AF /* AppDelegate.swift */,
				3698E77324A8BE6D0083A0AF /* ContentView.swift */,
				3698E77524A8BE6E0083A0AF /* Assets.xcassets */,
				3698E77A24A8BE6E0083A0AF /* Main.storyboard */,
				3698E77D24A8BE6E0083A0AF /* Info.plist */,
				3698E77E24A8BE6E0083A0AF /* MovableFrameExample.entitlements */,
				3698E77724A8BE6E0083A0AF /* Preview Content */,
			);
			path = MovableFrameExample;
			sourceTree = "<group>";
		};
		3698E77724A8BE6E0083A0AF /* Preview Content */ = {
			isa = PBXGroup;
			children = (
				3698E77824A8BE6E0083A0AF /* Preview Assets.xcassets */,
			);
			path = "Preview Content";
			sourceTree = "<group>";
		};
/* End PBXGroup section */

/* Begin PBXNativeTarget section */
		3698E76D24A8BE6D0083A0AF /* MovableFrameExample */ = {
			isa = PBXNativeTarget;
			buildConfigurationList = 3698E78124A8BE6E0083A0AF /* Build configuration list for PBXNativeTarget "MovableFrameExample" */;
			buildPhases = (
				3698E76A24A8BE6D0083A0AF /* Sources */,
				3698E76B24A8BE6D0083A0AF /* Frameworks */,
				3698E76C24A8BE6D0083A0AF /* Resources */,
			);
			buildRules = (
			);
			dependencies = (
			);
			name = MovableFrameExample;
			packageProductDependencies = (
				3698E78524A8BE8E0083A0AF /* MovableFrame */,
				3601C2E125F8B1940087916E /* SDSCGExtension */,
				3601C2E525F8B3AB0087916E /* SwiftUIDebugUtil */,
			);
			productName = MovableFrameExample;
			productReference = 3698E76E24A8BE6D0083A0AF /* MovableFrameExample.app */;
			productType = "com.apple.product-type.application";
		};
/* End PBXNativeTarget section */

/* Begin PBXProject section */
		3698E76624A8BE6D0083A0AF /* Project object */ = {
			isa = PBXProject;
			attributes = {
				LastSwiftUpdateCheck = 1200;
				LastUpgradeCheck = 1200;
				TargetAttributes = {
					3698E76D24A8BE6D0083A0AF = {
						CreatedOnToolsVersion = 12.0;
					};
				};
			};
			buildConfigurationList = 3698E76924A8BE6D0083A0AF /* Build configuration list for PBXProject "MovableFrameExample" */;
			compatibilityVersion = "Xcode 9.3";
			developmentRegion = en;
			hasScannedForEncodings = 0;
			knownRegions = (
				en,
				Base,
			);
			mainGroup = 3698E76524A8BE6D0083A0AF;
			packageReferences = (
				3698E78424A8BE8E0083A0AF /* XCRemoteSwiftPackageReference "MovableFrame" */,
				3601C2E025F8B1940087916E /* XCRemoteSwiftPackageReference "SDSCGExtension" */,
				3601C2E425F8B3AB0087916E /* XCRemoteSwiftPackageReference "SwiftUIDebugUtil" */,
			);
			productRefGroup = 3698E76F24A8BE6D0083A0AF /* Products */;
			projectDirPath = "";
			projectRoot = "";
			targets = (
				3698E76D24A8BE6D0083A0AF /* MovableFrameExample */,
			);
		};
/* End PBXProject section */

/* Begin PBXResourcesBuildPhase section */
		3698E76C24A8BE6D0083A0AF /* Resources */ = {
			isa = PBXResourcesBuildPhase;
			buildActionMask = 2147483647;
			files = (
				3698E77C24A8BE6E0083A0AF /* Main.storyboard in Resources */,
				3698E77924A8BE6E0083A0AF /* Preview Assets.xcassets in Resources */,
				3698E77624A8BE6E0083A0AF /* Assets.xcassets in Resources */,
			);
			runOnlyForDeploymentPostprocessing = 0;
		};
/* End PBXResourcesBuildPhase section */

/* Begin PBXSourcesBuildPhase section */
		3698E76A24A8BE6D0083A0AF /* Sources */ = {
			isa = PBXSourcesBuildPhase;
			buildActionMask = 2147483647;
			files = (
				3698E77424A8BE6D0083A0AF /* ContentView.swift in Sources */,
				36D4D2DA25A5EFBE0009B03D /* FrameViewRectPreference.swift in Sources */,
				3698E77224A8BE6D0083A0AF /* AppDelegate.swift in Sources */,
			);
			runOnlyForDeploymentPostprocessing = 0;
		};
/* End PBXSourcesBuildPhase section */

/* Begin PBXVariantGroup section */
		3698E77A24A8BE6E0083A0AF /* Main.storyboard */ = {
			isa = PBXVariantGroup;
			children = (
				3698E77B24A8BE6E0083A0AF /* Base */,
			);
			name = Main.storyboard;
			sourceTree = "<group>";
		};
/* End PBXVariantGroup section */

/* Begin XCBuildConfiguration section */
		3698E77F24A8BE6E0083A0AF /* Debug */ = {
			isa = XCBuildConfiguration;
			buildSettings = {
				ALWAYS_SEARCH_USER_PATHS = NO;
				CLANG_ANALYZER_NONNULL = YES;
				CLANG_ANALYZER_NUMBER_OBJECT_CONVERSION = YES_AGGRESSIVE;
				CLANG_CXX_LANGUAGE_STANDARD = "gnu++14";
				CLANG_CXX_LIBRARY = "libc++";
				CLANG_ENABLE_MODULES = YES;
				CLANG_ENABLE_OBJC_ARC = YES;
				CLANG_ENABLE_OBJC_WEAK = YES;
				CLANG_WARN_BLOCK_CAPTURE_AUTORELEASING = YES;
				CLANG_WARN_BOOL_CONVERSION = YES;
				CLANG_WARN_COMMA = YES;
				CLANG_WARN_CONSTANT_CONVERSION = YES;
				CLANG_WARN_DEPRECATED_OBJC_IMPLEMENTATIONS = YES;
				CLANG_WARN_DIRECT_OBJC_ISA_USAGE = YES_ERROR;
				CLANG_WARN_DOCUMENTATION_COMMENTS = YES;
				CLANG_WARN_EMPTY_BODY = YES;
				CLANG_WARN_ENUM_CONVERSION = YES;
				CLANG_WARN_INFINITE_RECURSION = YES;
				CLANG_WARN_INT_CONVERSION = YES;
				CLANG_WARN_NON_LITERAL_NULL_CONVERSION = YES;
				CLANG_WARN_OBJC_IMPLICIT_RETAIN_SELF = YES;
				CLANG_WARN_OBJC_LITERAL_CONVERSION = YES;
				CLANG_WARN_OBJC_ROOT_CLASS = YES_ERROR;
				CLANG_WARN_QUOTED_INCLUDE_IN_FRAMEWORK_HEADER = YES;
				CLANG_WARN_RANGE_LOOP_ANALYSIS = YES;
				CLANG_WARN_STRICT_PROTOTYPES = YES;
				CLANG_WARN_SUSPICIOUS_MOVE = YES;
				CLANG_WARN_UNGUARDED_AVAILABILITY = YES_AGGRESSIVE;
				CLANG_WARN_UNREACHABLE_CODE = YES;
				CLANG_WARN__DUPLICATE_METHOD_MATCH = YES;
				COPY_PHASE_STRIP = NO;
				DEBUG_INFORMATION_FORMAT = dwarf;
				ENABLE_STRICT_OBJC_MSGSEND = YES;
				ENABLE_TESTABILITY = YES;
				GCC_C_LANGUAGE_STANDARD = gnu11;
				GCC_DYNAMIC_NO_PIC = NO;
				GCC_NO_COMMON_BLOCKS = YES;
				GCC_OPTIMIZATION_LEVEL = 0;
				GCC_PREPROCESSOR_DEFINITIONS = (
					"DEBUG=1",
					"$(inherited)",
				);
				GCC_WARN_64_TO_32_BIT_CONVERSION = YES;
				GCC_WARN_ABOUT_RETURN_TYPE = YES_ERROR;
				GCC_WARN_UNDECLARED_SELECTOR = YES;
				GCC_WARN_UNINITIALIZED_AUTOS = YES_AGGRESSIVE;
				GCC_WARN_UNUSED_FUNCTION = YES;
				GCC_WARN_UNUSED_VARIABLE = YES;
				MACOSX_DEPLOYMENT_TARGET = 10.15;
				MTL_ENABLE_DEBUG_INFO = INCLUDE_SOURCE;
				MTL_FAST_MATH = YES;
				ONLY_ACTIVE_ARCH = YES;
				SDKROOT = macosx;
				SWIFT_ACTIVE_COMPILATION_CONDITIONS = DEBUG;
				SWIFT_OPTIMIZATION_LEVEL = "-Onone";
			};
			name = Debug;
		};
		3698E78024A8BE6E0083A0AF /* Release */ = {
			isa = XCBuildConfiguration;
			buildSettings = {
				ALWAYS_SEARCH_USER_PATHS = NO;
				CLANG_ANALYZER_NONNULL = YES;
				CLANG_ANALYZER_NUMBER_OBJECT_CONVERSION = YES_AGGRESSIVE;
				CLANG_CXX_LANGUAGE_STANDARD = "gnu++14";
				CLANG_CXX_LIBRARY = "libc++";
				CLANG_ENABLE_MODULES = YES;
				CLANG_ENABLE_OBJC_ARC = YES;
				CLANG_ENABLE_OBJC_WEAK = YES;
				CLANG_WARN_BLOCK_CAPTURE_AUTORELEASING = YES;
				CLANG_WARN_BOOL_CONVERSION = YES;
				CLANG_WARN_COMMA = YES;
				CLANG_WARN_CONSTANT_CONVERSION = YES;
				CLANG_WARN_DEPRECATED_OBJC_IMPLEMENTATIONS = YES;
				CLANG_WARN_DIRECT_OBJC_ISA_USAGE = YES_ERROR;
				CLANG_WARN_DOCUMENTATION_COMMENTS = YES;
				CLANG_WARN_EMPTY_BODY = YES;
				CLANG_WARN_ENUM_CONVERSION = YES;
				CLANG_WARN_INFINITE_RECURSION = YES;
				CLANG_WARN_INT_CONVERSION = YES;
				CLANG_WARN_NON_LITERAL_NULL_CONVERSION = YES;
				CLANG_WARN_OBJC_IMPLICIT_RETAIN_SELF = YES;
				CLANG_WARN_OBJC_LITERAL_CONVERSION = YES;
				CLANG_WARN_OBJC_ROOT_CLASS = YES_ERROR;
				CLANG_WARN_QUOTED_INCLUDE_IN_FRAMEWORK_HEADER = YES;
				CLANG_WARN_RANGE_LOOP_ANALYSIS = YES;
				CLANG_WARN_STRICT_PROTOTYPES = YES;
				CLANG_WARN_SUSPICIOUS_MOVE = YES;
				CLANG_WARN_UNGUARDED_AVAILABILITY = YES_AGGRESSIVE;
				CLANG_WARN_UNREACHABLE_CODE = YES;
				CLANG_WARN__DUPLICATE_METHOD_MATCH = YES;
				COPY_PHASE_STRIP = NO;
				DEBUG_INFORMATION_FORMAT = "dwarf-with-dsym";
				ENABLE_NS_ASSERTIONS = NO;
				ENABLE_STRICT_OBJC_MSGSEND = YES;
				GCC_C_LANGUAGE_STANDARD = gnu11;
				GCC_NO_COMMON_BLOCKS = YES;
				GCC_WARN_64_TO_32_BIT_CONVERSION = YES;
				GCC_WARN_ABOUT_RETURN_TYPE = YES_ERROR;
				GCC_WARN_UNDECLARED_SELECTOR = YES;
				GCC_WARN_UNINITIALIZED_AUTOS = YES_AGGRESSIVE;
				GCC_WARN_UNUSED_FUNCTION = YES;
				GCC_WARN_UNUSED_VARIABLE = YES;
				MACOSX_DEPLOYMENT_TARGET = 10.15;
				MTL_ENABLE_DEBUG_INFO = NO;
				MTL_FAST_MATH = YES;
				SDKROOT = macosx;
				SWIFT_COMPILATION_MODE = wholemodule;
				SWIFT_OPTIMIZATION_LEVEL = "-O";
			};
			name = Release;
		};
		3698E78224A8BE6E0083A0AF /* Debug */ = {
			isa = XCBuildConfiguration;
			buildSettings = {
				ASSETCATALOG_COMPILER_APPICON_NAME = AppIcon;
				ASSETCATALOG_COMPILER_GLOBAL_ACCENT_COLOR_NAME = AccentColor;
				CODE_SIGN_ENTITLEMENTS = MovableFrameExample/MovableFrameExample.entitlements;
				CODE_SIGN_STYLE = Automatic;
				COMBINE_HIDPI_IMAGES = YES;
				DEVELOPMENT_ASSET_PATHS = MovableFrameExample/Assets.xcassets;
				DEVELOPMENT_TEAM = QU378YD9WW;
				ENABLE_HARDENED_RUNTIME = YES;
				ENABLE_PREVIEWS = YES;
				INFOPLIST_FILE = MovableFrameExample/Info.plist;
				LD_RUNPATH_SEARCH_PATHS = (
					"$(inherited)",
					"@executable_path/../Frameworks",
				);
				MACOSX_DEPLOYMENT_TARGET = 11.0;
				PRODUCT_BUNDLE_IDENTIFIER = com.smalldesksoftware.MovableFrameExample;
				PRODUCT_NAME = "$(TARGET_NAME)";
				SWIFT_VERSION = 5.0;
			};
			name = Debug;
		};
		3698E78324A8BE6E0083A0AF /* Release */ = {
			isa = XCBuildConfiguration;
			buildSettings = {
				ASSETCATALOG_COMPILER_APPICON_NAME = AppIcon;
				ASSETCATALOG_COMPILER_GLOBAL_ACCENT_COLOR_NAME = AccentColor;
				CODE_SIGN_ENTITLEMENTS = MovableFrameExample/MovableFrameExample.entitlements;
				CODE_SIGN_STYLE = Automatic;
				COMBINE_HIDPI_IMAGES = YES;
				DEVELOPMENT_ASSET_PATHS = MovableFrameExample/Assets.xcassets;
				DEVELOPMENT_TEAM = QU378YD9WW;
				ENABLE_HARDENED_RUNTIME = YES;
				ENABLE_PREVIEWS = YES;
				INFOPLIST_FILE = MovableFrameExample/Info.plist;
				LD_RUNPATH_SEARCH_PATHS = (
					"$(inherited)",
					"@executable_path/../Frameworks",
				);
				MACOSX_DEPLOYMENT_TARGET = 11.0;
				PRODUCT_BUNDLE_IDENTIFIER = com.smalldesksoftware.MovableFrameExample;
				PRODUCT_NAME = "$(TARGET_NAME)";
				SWIFT_VERSION = 5.0;
			};
			name = Release;
		};
/* End XCBuildConfiguration section */

/* Begin XCConfigurationList section */
		3698E76924A8BE6D0083A0AF /* Build configuration list for PBXProject "MovableFrameExample" */ = {
			isa = XCConfigurationList;
			buildConfigurations = (
				3698E77F24A8BE6E0083A0AF /* Debug */,
				3698E78024A8BE6E0083A0AF /* Release */,
			);
			defaultConfigurationIsVisible = 0;
			defaultConfigurationName = Release;
		};
		3698E78124A8BE6E0083A0AF /* Build configuration list for PBXNativeTarget "MovableFrameExample" */ = {
			isa = XCConfigurationList;
			buildConfigurations = (
				3698E78224A8BE6E0083A0AF /* Debug */,
				3698E78324A8BE6E0083A0AF /* Release */,
			);
			defaultConfigurationIsVisible = 0;
			defaultConfigurationName = Release;
		};
/* End XCConfigurationList section */

/* Begin XCRemoteSwiftPackageReference section */
		3601C2E025F8B1940087916E /* XCRemoteSwiftPackageReference "SDSCGExtension" */ = {
			isa = XCRemoteSwiftPackageReference;
			repositoryURL = "git@github.com:tyagishi/SDSCGExtension.git";
			requirement = {
				branch = main;
				kind = branch;
			};
		};
		3601C2E425F8B3AB0087916E /* XCRemoteSwiftPackageReference "SwiftUIDebugUtil" */ = {
			isa = XCRemoteSwiftPackageReference;
			repositoryURL = "git@github.com:tyagishi/SwiftUIDebugUtil.git";
			requirement = {
				kind = upToNextMajorVersion;
				minimumVersion = 2.0.0;
			};
		};
		3698E78424A8BE8E0083A0AF /* XCRemoteSwiftPackageReference "MovableFrame" */ = {
			isa = XCRemoteSwiftPackageReference;
			repositoryURL = "git@github.com:tyagishi/MovableFrame.git";
			requirement = {
				branch = main;
				kind = branch;
			};
		};
/* End XCRemoteSwiftPackageReference section */

/* Begin XCSwiftPackageProductDependency section */
		3601C2E125F8B1940087916E /* SDSCGExtension */ = {
			isa = XCSwiftPackageProductDependency;
			package = 3601C2E025F8B1940087916E /* XCRemoteSwiftPackageReference "SDSCGExtension" */;
			productName = SDSCGExtension;
		};
		3601C2E525F8B3AB0087916E /* SwiftUIDebugUtil */ = {
			isa = XCSwiftPackageProductDependency;
			package = 3601C2E425F8B3AB0087916E /* XCRemoteSwiftPackageReference "SwiftUIDebugUtil" */;
			productName = SwiftUIDebugUtil;
		};
		3698E78524A8BE8E0083A0AF /* MovableFrame */ = {
			isa = XCSwiftPackageProductDependency;
			package = 3698E78424A8BE8E0083A0AF /* XCRemoteSwiftPackageReference "MovableFrame" */;
			productName = MovableFrame;
		};
/* End XCSwiftPackageProductDependency section */
	};
	rootObject = 3698E76624A8BE6D0083A0AF /* Project object */;
}
